
Microsoft Visual Studio Solution File, Format Version 12.00
# Visual Studio Version 16
VisualStudioVersion = 16.0.29025.244
MinimumVisualStudioVersion = 10.0.40219.1
Project("{FAE04EC0-301F-11D3-BF4B-00C04F79EFBC}") = "TrimbleMonitor.TinyCLR.Fez", "TrimbleMonitor (TinyCLR - Fez)\TrimbleMonitor.TinyCLR.Fez.csproj", "{CEDCEB52-0A0F-4F4F-A00D-460C53D8D866}"
EndProject
Global
	GlobalSection(SolutionConfigurationPlatforms) = preSolution
		Debug|Any CPU = Debug|Any CPU
		Release|Any CPU = Release|Any CPU
	EndGlobalSection
	GlobalSection(ProjectConfigurationPlatforms) = postSolution
		{CEDCEB52-0A0F-4F4F-A00D-460C53D8D866}.Debug|Any CPU.ActiveCfg = Debug|Any CPU
		{CEDCEB52-0A0F-4F4F-A00D-460C53D8D866}.Debug|Any CPU.Build.0 = Debug|Any CPU
		{CEDCEB52-0A0F-4F4F-A00D-460C53D8D866}.Debug|Any CPU.Deploy.0 = Debug|Any CPU
		{CEDCEB52-0A0F-4F4F-A00D-460C53D8D866}.Release|Any CPU.ActiveCfg = Release|Any CPU
		{CEDCEB52-0A0F-4F4F-A00D-460C53D8D866}.Release|Any CPU.Build.0 = Release|Any CPU
		{CEDCEB52-0A0F-4F4F-A00D-460C53D8D866}.Release|Any CPU.Deploy.0 = Release|Any CPU
	EndGlobalSection
	GlobalSection(SolutionProperties) = preSolution
		HideSolutionNode = FALSE
	EndGlobalSection
	GlobalSection(ExtensibilityGlobals) = postSolution
		SolutionGuid = {C24AB9DA-AC53-435C-B8FB-3E2D42353F31}
	EndGlobalSection
EndGlobal
