
Microsoft Visual Studio Solution File, Format Version 11.00
# Visual Studio 2010
Project("{FAE04EC0-301F-11D3-BF4B-00C04F79EFBC}") = "TrimbleMonitorNtpPlus", "TrimbleMonitorNtpPlus\TrimbleMonitorNtpPlus.csproj", "{58BCC98F-2778-44D9-9EDB-D608CB738453}"
EndProject
Global
	GlobalSection(SolutionConfigurationPlatforms) = preSolution
		Debug|Any CPU = Debug|Any CPU
		Debug|Mixed Platforms = Debug|Mixed Platforms
		Debug|x86 = Debug|x86
		Release|Any CPU = Release|Any CPU
		Release|Mixed Platforms = Release|Mixed Platforms
		Release|x86 = Release|x86
	EndGlobalSection
	GlobalSection(ProjectConfigurationPlatforms) = postSolution
		{58BCC98F-2778-44D9-9EDB-D608CB738453}.Debug|Any CPU.ActiveCfg = Debug|Any CPU
		{58BCC98F-2778-44D9-9EDB-D608CB738453}.Debug|Any CPU.Build.0 = Debug|Any CPU
		{58BCC98F-2778-44D9-9EDB-D608CB738453}.Debug|Any CPU.Deploy.0 = Debug|Any CPU
		{58BCC98F-2778-44D9-9EDB-D608CB738453}.Debug|Mixed Platforms.ActiveCfg = Debug|Any CPU
		{58BCC98F-2778-44D9-9EDB-D608CB738453}.Debug|Mixed Platforms.Build.0 = Debug|Any CPU
		{58BCC98F-2778-44D9-9EDB-D608CB738453}.Debug|Mixed Platforms.Deploy.0 = Debug|Any CPU
		{58BCC98F-2778-44D9-9EDB-D608CB738453}.Debug|x86.ActiveCfg = Debug|Any CPU
		{58BCC98F-2778-44D9-9EDB-D608CB738453}.Release|Any CPU.ActiveCfg = Release|Any CPU
		{58BCC98F-2778-44D9-9EDB-D608CB738453}.Release|Any CPU.Build.0 = Release|Any CPU
		{58BCC98F-2778-44D9-9EDB-D608CB738453}.Release|Any CPU.Deploy.0 = Release|Any CPU
		{58BCC98F-2778-44D9-9EDB-D608CB738453}.Release|Mixed Platforms.ActiveCfg = Release|Any CPU
		{58BCC98F-2778-44D9-9EDB-D608CB738453}.Release|Mixed Platforms.Build.0 = Release|Any CPU
		{58BCC98F-2778-44D9-9EDB-D608CB738453}.Release|Mixed Platforms.Deploy.0 = Release|Any CPU
		{58BCC98F-2778-44D9-9EDB-D608CB738453}.Release|x86.ActiveCfg = Release|Any CPU
	EndGlobalSection
	GlobalSection(SolutionProperties) = preSolution
		HideSolutionNode = FALSE
	EndGlobalSection
EndGlobal
